# This file is automatically @generated by Cargo.
# It is not intended for manual editing.
version = 4

[[package]]
name = "audiacore-core"
version = "0.1.0"

[[package]]
name = "audiacore-errors"
version = "0.1.0"

[[package]]
name = "audiacore-host"
version = "0.1.0"
dependencies = [
 "audiacore-errors",
 "audiacore-sensitive",
]

[[package]]
name = "audiacore-managed-content"
version = "0.1.0"
dependencies = [
 "audiacore-errors",
 "audiacore-host",
 "audiacore-reconcile",
]

[[package]]
name = "audiacore-reconcile"
version = "0.1.0"

[[package]]
name = "audiacore-sensitive"
version = "0.1.0"
dependencies = [
 "audiacore-errors",
]

[[package]]
name = "audiacore-stage9-memory-host"
version = "0.0.0"
dependencies = [
 "audiacore-host",
]

[[package]]
name = "audiacore-stage9-path-proof"
version = "0.0.0"
dependencies = [
 "audiacore-core",
 "audiacore-host",
 "audiacore-managed-content",
 "audiacore-stage9-memory-host",
]
