# This file is automatically @generated by Cargo.
# It is not intended for manual editing.
version = 4

[[package]]
name = "audiacore-core"
version = "0.1.0"
source = "git+https://github.com/Audumla/AudiaCore.git?rev=fe8e03acef6bda893c1fee5d182fa2f8e4890a3e#fe8e03acef6bda893c1fee5d182fa2f8e4890a3e"

[[package]]
name = "audiacore-errors"
version = "0.1.0"
source = "git+https://github.com/Audumla/AudiaCore.git?rev=fe8e03acef6bda893c1fee5d182fa2f8e4890a3e#fe8e03acef6bda893c1fee5d182fa2f8e4890a3e"

[[package]]
name = "audiacore-host"
version = "0.1.0"
source = "git+https://github.com/Audumla/AudiaCore.git?rev=fe8e03acef6bda893c1fee5d182fa2f8e4890a3e#fe8e03acef6bda893c1fee5d182fa2f8e4890a3e"
dependencies = [
 "audiacore-errors",
 "audiacore-sensitive",
]

[[package]]
name = "audiacore-managed-content"
version = "0.1.0"
source = "git+https://github.com/Audumla/AudiaCore.git?rev=fe8e03acef6bda893c1fee5d182fa2f8e4890a3e#fe8e03acef6bda893c1fee5d182fa2f8e4890a3e"
dependencies = [
 "audiacore-errors",
 "audiacore-host",
 "audiacore-reconcile",
]

[[package]]
name = "audiacore-reconcile"
version = "0.1.0"
source = "git+https://github.com/Audumla/AudiaCore.git?rev=fe8e03acef6bda893c1fee5d182fa2f8e4890a3e#fe8e03acef6bda893c1fee5d182fa2f8e4890a3e"

[[package]]
name = "audiacore-sensitive"
version = "0.1.0"
source = "git+https://github.com/Audumla/AudiaCore.git?rev=fe8e03acef6bda893c1fee5d182fa2f8e4890a3e#fe8e03acef6bda893c1fee5d182fa2f8e4890a3e"
dependencies = [
 "audiacore-errors",
]

[[package]]
name = "audiacore-stage9-git-proof"
version = "0.0.0"
dependencies = [
 "audiacore-core",
 "audiacore-host",
 "audiacore-managed-content",
 "audiacore-stage9-memory-host",
]

[[package]]
name = "audiacore-stage9-memory-host"
version = "0.0.0"
source = "git+https://github.com/Audumla/AUDiaGentic.git?rev=16ee55c424d045cf444ca4f67fb5b3076499b8dd#16ee55c424d045cf444ca4f67fb5b3076499b8dd"
dependencies = [
 "audiacore-host",
]
